
Microsoft Visual Studio Solution File, Format Version 12.00
# Visual Studio Version 17
VisualStudioVersion = 17.6.33829.357
MinimumVisualStudioVersion = 10.0.40219.1
Project("{9A19103F-16F7-4668-BE54-9A1E7A4F7556}") = "ApiService", "ApiService\ApiService.csproj", "{05165627-DE61-4836-BD5B-564B24C66E64}"
EndProject
Project("{9A19103F-16F7-4668-BE54-9A1E7A4F7556}") = "Common", "Common\Common.csproj", "{D1AFEE7D-B78A-4552-9DE0-3A7EA1FA0777}"
EndProject
Project("{9A19103F-16F7-4668-BE54-9A1E7A4F7556}") = "Core", "Core\Core.csproj", "{5EFBE5B8-DF29-4EF0-B2DE-A91785FF4190}"
EndProject
Project("{9A19103F-16F7-4668-BE54-9A1E7A4F7556}") = "DataAccess", "DataAccess\DataAccess.csproj", "{2375FB50-7A57-4151-86F1-0ADDFDBE0953}"
EndProject
Project("{9A19103F-16F7-4668-BE54-9A1E7A4F7556}") = "Models", "Models\Models.csproj", "{6EF236F3-16B5-430E-A36F-D84C89D09CDB}"
EndProject
Project("{9A19103F-16F7-4668-BE54-9A1E7A4F7556}") = "Configurations", "Configurations\Configurations.csproj", "{DB8A07C9-4B97-4F59-B85F-17A44EB8F610}"
EndProject
Project("{9A19103F-16F7-4668-BE54-9A1E7A4F7556}") = "Loggers", "Loggers\Loggers.csproj", "{B9B116C4-A029-4F99-A1EF-C1E743C65CA1}"
EndProject
Project("{9A19103F-16F7-4668-BE54-9A1E7A4F7556}") = "Ev2Deployment", "Ev2Deployment\Ev2Deployment.csproj", "{5AA7943B-8D8A-4CA3-ACAB-0277FCF616C8}"
EndProject
Project("{9A19103F-16F7-4668-BE54-9A1E7A4F7556}") = "WorkerService", "WorkerService\WorkerService.csproj", "{6E933334-DE9C-48BC-A6AB-52E6B43CF899}"
EndProject
Project("{888888A0-9F3D-457C-B088-3A5042F75D52}") = "Python", "Python\Python.pyproj", "{31937737-46E7-47C5-94E3-125392760CA5}"
EndProject
Global
	GlobalSection(SolutionConfigurationPlatforms) = preSolution
		Debug|Any CPU = Debug|Any CPU
		Debug|x64 = Debug|x64
		Release|Any CPU = Release|Any CPU
		Release|x64 = Release|x64
	EndGlobalSection
	GlobalSection(ProjectConfigurationPlatforms) = postSolution
		{05165627-DE61-4836-BD5B-564B24C66E64}.Debug|Any CPU.ActiveCfg = Debug|x64
		{05165627-DE61-4836-BD5B-564B24C66E64}.Debug|Any CPU.Build.0 = Debug|x64
		{05165627-DE61-4836-BD5B-564B24C66E64}.Debug|x64.ActiveCfg = Debug|x64
		{05165627-DE61-4836-BD5B-564B24C66E64}.Debug|x64.Build.0 = Debug|x64
		{05165627-DE61-4836-BD5B-564B24C66E64}.Release|Any CPU.ActiveCfg = Release|Any CPU
		{05165627-DE61-4836-BD5B-564B24C66E64}.Release|Any CPU.Build.0 = Release|Any CPU
		{05165627-DE61-4836-BD5B-564B24C66E64}.Release|x64.ActiveCfg = Release|x64
		{05165627-DE61-4836-BD5B-564B24C66E64}.Release|x64.Build.0 = Release|x64
		{D1AFEE7D-B78A-4552-9DE0-3A7EA1FA0777}.Debug|Any CPU.ActiveCfg = Debug|x64
		{D1AFEE7D-B78A-4552-9DE0-3A7EA1FA0777}.Debug|Any CPU.Build.0 = Debug|x64
		{D1AFEE7D-B78A-4552-9DE0-3A7EA1FA0777}.Debug|x64.ActiveCfg = Debug|x64
		{D1AFEE7D-B78A-4552-9DE0-3A7EA1FA0777}.Debug|x64.Build.0 = Debug|x64
		{D1AFEE7D-B78A-4552-9DE0-3A7EA1FA0777}.Release|Any CPU.ActiveCfg = Release|Any CPU
		{D1AFEE7D-B78A-4552-9DE0-3A7EA1FA0777}.Release|Any CPU.Build.0 = Release|Any CPU
		{D1AFEE7D-B78A-4552-9DE0-3A7EA1FA0777}.Release|x64.ActiveCfg = Release|x64
		{D1AFEE7D-B78A-4552-9DE0-3A7EA1FA0777}.Release|x64.Build.0 = Release|x64
		{5EFBE5B8-DF29-4EF0-B2DE-A91785FF4190}.Debug|Any CPU.ActiveCfg = Debug|x64
		{5EFBE5B8-DF29-4EF0-B2DE-A91785FF4190}.Debug|Any CPU.Build.0 = Debug|x64
		{5EFBE5B8-DF29-4EF0-B2DE-A91785FF4190}.Debug|x64.ActiveCfg = Debug|x64
		{5EFBE5B8-DF29-4EF0-B2DE-A91785FF4190}.Debug|x64.Build.0 = Debug|x64
		{5EFBE5B8-DF29-4EF0-B2DE-A91785FF4190}.Release|Any CPU.ActiveCfg = Release|Any CPU
		{5EFBE5B8-DF29-4EF0-B2DE-A91785FF4190}.Release|Any CPU.Build.0 = Release|Any CPU
		{5EFBE5B8-DF29-4EF0-B2DE-A91785FF4190}.Release|x64.ActiveCfg = Release|x64
		{5EFBE5B8-DF29-4EF0-B2DE-A91785FF4190}.Release|x64.Build.0 = Release|x64
		{2375FB50-7A57-4151-86F1-0ADDFDBE0953}.Debug|Any CPU.ActiveCfg = Debug|x64
		{2375FB50-7A57-4151-86F1-0ADDFDBE0953}.Debug|Any CPU.Build.0 = Debug|x64
		{2375FB50-7A57-4151-86F1-0ADDFDBE0953}.Debug|x64.ActiveCfg = Debug|x64
		{2375FB50-7A57-4151-86F1-0ADDFDBE0953}.Debug|x64.Build.0 = Debug|x64
		{2375FB50-7A57-4151-86F1-0ADDFDBE0953}.Release|Any CPU.ActiveCfg = Release|Any CPU
		{2375FB50-7A57-4151-86F1-0ADDFDBE0953}.Release|Any CPU.Build.0 = Release|Any CPU
		{2375FB50-7A57-4151-86F1-0ADDFDBE0953}.Release|x64.ActiveCfg = Release|x64
		{2375FB50-7A57-4151-86F1-0ADDFDBE0953}.Release|x64.Build.0 = Release|x64
		{6EF236F3-16B5-430E-A36F-D84C89D09CDB}.Debug|Any CPU.ActiveCfg = Debug|x64
		{6EF236F3-16B5-430E-A36F-D84C89D09CDB}.Debug|Any CPU.Build.0 = Debug|x64
		{6EF236F3-16B5-430E-A36F-D84C89D09CDB}.Debug|x64.ActiveCfg = Debug|x64
		{6EF236F3-16B5-430E-A36F-D84C89D09CDB}.Debug|x64.Build.0 = Debug|x64
		{6EF236F3-16B5-430E-A36F-D84C89D09CDB}.Release|Any CPU.ActiveCfg = Release|Any CPU
		{6EF236F3-16B5-430E-A36F-D84C89D09CDB}.Release|Any CPU.Build.0 = Release|Any CPU
		{6EF236F3-16B5-430E-A36F-D84C89D09CDB}.Release|x64.ActiveCfg = Release|x64
		{6EF236F3-16B5-430E-A36F-D84C89D09CDB}.Release|x64.Build.0 = Release|x64
		{DB8A07C9-4B97-4F59-B85F-17A44EB8F610}.Debug|Any CPU.ActiveCfg = Debug|x64
		{DB8A07C9-4B97-4F59-B85F-17A44EB8F610}.Debug|Any CPU.Build.0 = Debug|x64
		{DB8A07C9-4B97-4F59-B85F-17A44EB8F610}.Debug|x64.ActiveCfg = Debug|x64
		{DB8A07C9-4B97-4F59-B85F-17A44EB8F610}.Debug|x64.Build.0 = Debug|x64
		{DB8A07C9-4B97-4F59-B85F-17A44EB8F610}.Release|Any CPU.ActiveCfg = Release|Any CPU
		{DB8A07C9-4B97-4F59-B85F-17A44EB8F610}.Release|Any CPU.Build.0 = Release|Any CPU
		{DB8A07C9-4B97-4F59-B85F-17A44EB8F610}.Release|x64.ActiveCfg = Release|x64
		{DB8A07C9-4B97-4F59-B85F-17A44EB8F610}.Release|x64.Build.0 = Release|x64
		{B9B116C4-A029-4F99-A1EF-C1E743C65CA1}.Debug|Any CPU.ActiveCfg = Debug|x64
		{B9B116C4-A029-4F99-A1EF-C1E743C65CA1}.Debug|Any CPU.Build.0 = Debug|x64
		{B9B116C4-A029-4F99-A1EF-C1E743C65CA1}.Debug|x64.ActiveCfg = Debug|x64
		{B9B116C4-A029-4F99-A1EF-C1E743C65CA1}.Debug|x64.Build.0 = Debug|x64
		{B9B116C4-A029-4F99-A1EF-C1E743C65CA1}.Release|Any CPU.ActiveCfg = Release|Any CPU
		{B9B116C4-A029-4F99-A1EF-C1E743C65CA1}.Release|Any CPU.Build.0 = Release|Any CPU
		{5AA7943B-8D8A-4CA3-ACAB-0277FCF616C8}.Debug|Any CPU.ActiveCfg = Debug|Any CPU
		{5AA7943B-8D8A-4CA3-ACAB-0277FCF616C8}.Debug|Any CPU.Build.0 = Debug|Any CPU
		{5AA7943B-8D8A-4CA3-ACAB-0277FCF616C8}.Release|Any CPU.ActiveCfg = Release|Any CPU
		{5AA7943B-8D8A-4CA3-ACAB-0277FCF616C8}.Release|Any CPU.Build.0 = Release|Any CPU
		{B9B116C4-A029-4F99-A1EF-C1E743C65CA1}.Release|x64.ActiveCfg = Release|x64
		{B9B116C4-A029-4F99-A1EF-C1E743C65CA1}.Release|x64.Build.0 = Release|x64
		{5AA7943B-8D8A-4CA3-ACAB-0277FCF616C8}.Debug|Any CPU.ActiveCfg = Debug|Any CPU
		{5AA7943B-8D8A-4CA3-ACAB-0277FCF616C8}.Debug|Any CPU.Build.0 = Debug|Any CPU
		{5AA7943B-8D8A-4CA3-ACAB-0277FCF616C8}.Debug|x64.ActiveCfg = Debug|x64
		{5AA7943B-8D8A-4CA3-ACAB-0277FCF616C8}.Debug|x64.Build.0 = Debug|x64
		{5AA7943B-8D8A-4CA3-ACAB-0277FCF616C8}.Release|Any CPU.ActiveCfg = Release|Any CPU
		{5AA7943B-8D8A-4CA3-ACAB-0277FCF616C8}.Release|Any CPU.Build.0 = Release|Any CPU
		{5AA7943B-8D8A-4CA3-ACAB-0277FCF616C8}.Release|x64.ActiveCfg = Release|x64
		{5AA7943B-8D8A-4CA3-ACAB-0277FCF616C8}.Release|x64.Build.0 = Release|x64
		{6E933334-DE9C-48BC-A6AB-52E6B43CF899}.Debug|Any CPU.ActiveCfg = Debug|Any CPU
		{6E933334-DE9C-48BC-A6AB-52E6B43CF899}.Debug|Any CPU.Build.0 = Debug|Any CPU
		{6E933334-DE9C-48BC-A6AB-52E6B43CF899}.Debug|x64.ActiveCfg = Debug|x64
		{6E933334-DE9C-48BC-A6AB-52E6B43CF899}.Debug|x64.Build.0 = Debug|x64
		{6E933334-DE9C-48BC-A6AB-52E6B43CF899}.Release|Any CPU.ActiveCfg = Release|Any CPU
		{6E933334-DE9C-48BC-A6AB-52E6B43CF899}.Release|Any CPU.Build.0 = Release|Any CPU
		{6E933334-DE9C-48BC-A6AB-52E6B43CF899}.Release|x64.ActiveCfg = Release|x64
		{6E933334-DE9C-48BC-A6AB-52E6B43CF899}.Release|x64.Build.0 = Release|x64
		{31937737-46E7-47C5-94E3-125392760CA5}.Debug|Any CPU.ActiveCfg = Debug|Any CPU
		{31937737-46E7-47C5-94E3-125392760CA5}.Debug|x64.ActiveCfg = Debug|x64
		{31937737-46E7-47C5-94E3-125392760CA5}.Release|Any CPU.ActiveCfg = Release|Any CPU
		{31937737-46E7-47C5-94E3-125392760CA5}.Release|x64.ActiveCfg = Release|x64
	EndGlobalSection
	GlobalSection(SolutionProperties) = preSolution
		HideSolutionNode = FALSE
	EndGlobalSection
	GlobalSection(ExtensibilityGlobals) = postSolution
		SolutionGuid = {BF74CE71-2B00-44ED-9241-68FDAD0543AE}
	EndGlobalSection
EndGlobal
