
Microsoft Visual Studio Solution File, Format Version 12.00
# Visual Studio Version 17
VisualStudioVersion = 17.6.33829.357
MinimumVisualStudioVersion = 10.0.40219.1
Project("{9A19103F-16F7-4668-BE54-9A1E7A4F7556}") = "ApiService", "ApiService\ApiService.csproj", "{05165627-DE61-4836-BD5B-564B24C66E64}"
EndProject
Project("{9A19103F-16F7-4668-BE54-9A1E7A4F7556}") = "Common", "Common\Common.csproj", "{D1AFEE7D-B78A-4552-9DE0-3A7EA1FA0777}"
EndProject
Project("{9A19103F-16F7-4668-BE54-9A1E7A4F7556}") = "Core", "Core\Core.csproj", "{5EFBE5B8-DF29-4EF0-B2DE-A91785FF4190}"
EndProject
Project("{9A19103F-16F7-4668-BE54-9A1E7A4F7556}") = "DataAccess", "DataAccess\DataAccess.csproj", "{2375FB50-7A57-4151-86F1-0ADDFDBE0953}"
EndProject
Project("{9A19103F-16F7-4668-BE54-9A1E7A4F7556}") = "Models", "Models\Models.csproj", "{6EF236F3-16B5-430E-A36F-D84C89D09CDB}"
EndProject
Project("{9A19103F-16F7-4668-BE54-9A1E7A4F7556}") = "Configurations", "Configurations\Configurations.csproj", "{DB8A07C9-4B97-4F59-B85F-17A44EB8F610}"
EndProject
Project("{9A19103F-16F7-4668-BE54-9A1E7A4F7556}") = "Loggers", "Loggers\Loggers.csproj", "{B9B116C4-A029-4F99-A1EF-C1E743C65CA1}"
EndProject
Project("{888888A0-9F3D-457C-B088-3A5042F75D52}") = "Python", "Python\Python.pyproj", "{31937737-46E7-47C5-94E3-125392760CA5}"
EndProject
Project("{9A19103F-16F7-4668-BE54-9A1E7A4F7556}") = "ProvisioningService", "ProvisioningService\ProvisioningService.csproj", "{6F2C0331-56D2-4A3B-9B5D-4CCB313DDBAE}"
EndProject
Project("{9A19103F-16F7-4668-BE54-9A1E7A4F7556}") = "Ev2Deployment", "Ev2Deployment\Ev2Deployment.csproj", "{CE720197-E70B-471B-89E3-2D8CBAB15452}"
EndProject
Project("{9A19103F-16F7-4668-BE54-9A1E7A4F7556}") = "WorkerService", "WorkerService\WorkerService.csproj", "{981112C6-7553-421B-9C2D-8A50EEDC57C4}"
EndProject
Project("{9A19103F-16F7-4668-BE54-9A1E7A4F7556}") = "BusinessLogic", "BusinessLogic\BusinessLogic.csproj", "{0288C742-9ECD-4E95-9A59-22A202EC2126}"
EndProject
Project("{9A19103F-16F7-4668-BE54-9A1E7A4F7556}") = "DHDataAccess", "DHDataAccess\DHDataAccess.csproj", "{641B0691-F655-49F5-9EC5-EB2F0A44AAFD}"
EndProject
Project("{9A19103F-16F7-4668-BE54-9A1E7A4F7556}") = "DHModels", "DHModels\DHModels.csproj", "{1FA9A886-DC59-4CC7-B424-1A6AD2E1BFB2}"
EndProject
Project("{9A19103F-16F7-4668-BE54-9A1E7A4F7556}") = "DHConfigurations", "DHConfigurations\DHConfigurations.csproj", "{3C0E5A23-333D-423B-B628-7DDA9B31AA7B}"
EndProject
Project("{9A19103F-16F7-4668-BE54-9A1E7A4F7556}") = "DQServices", "DQServices\DQServices.csproj", "{3F4D2BE8-FAD4-4877-B91C-5AC2FF84280A}"
EndProject
Project("{FAE04EC0-301F-11D3-BF4B-00C04F79EFBC}") = "UnitTests", "Tests\UnitTests\UnitTests.csproj", "{3715316F-3DA1-4F29-A171-E53ED2BA8DBD}"
EndProject
Global
	GlobalSection(SolutionConfigurationPlatforms) = preSolution
		Debug|Any CPU = Debug|Any CPU
		Debug|x64 = Debug|x64
		Release|Any CPU = Release|Any CPU
		Release|x64 = Release|x64
	EndGlobalSection
	GlobalSection(ProjectConfigurationPlatforms) = postSolution
		{05165627-DE61-4836-BD5B-564B24C66E64}.Debug|Any CPU.ActiveCfg = Debug|x64
		{05165627-DE61-4836-BD5B-564B24C66E64}.Debug|Any CPU.Build.0 = Debug|x64
		{05165627-DE61-4836-BD5B-564B24C66E64}.Debug|x64.ActiveCfg = Debug|x64
		{05165627-DE61-4836-BD5B-564B24C66E64}.Debug|x64.Build.0 = Debug|x64
		{05165627-DE61-4836-BD5B-564B24C66E64}.Release|Any CPU.ActiveCfg = Release|x64
		{05165627-DE61-4836-BD5B-564B24C66E64}.Release|Any CPU.Build.0 = Release|x64
		{05165627-DE61-4836-BD5B-564B24C66E64}.Release|x64.ActiveCfg = Release|x64
		{05165627-DE61-4836-BD5B-564B24C66E64}.Release|x64.Build.0 = Release|x64
		{D1AFEE7D-B78A-4552-9DE0-3A7EA1FA0777}.Debug|Any CPU.ActiveCfg = Debug|x64
		{D1AFEE7D-B78A-4552-9DE0-3A7EA1FA0777}.Debug|Any CPU.Build.0 = Debug|x64
		{D1AFEE7D-B78A-4552-9DE0-3A7EA1FA0777}.Debug|x64.ActiveCfg = Debug|x64
		{D1AFEE7D-B78A-4552-9DE0-3A7EA1FA0777}.Debug|x64.Build.0 = Debug|x64
		{D1AFEE7D-B78A-4552-9DE0-3A7EA1FA0777}.Release|Any CPU.ActiveCfg = Release|x64
		{D1AFEE7D-B78A-4552-9DE0-3A7EA1FA0777}.Release|Any CPU.Build.0 = Release|x64
		{D1AFEE7D-B78A-4552-9DE0-3A7EA1FA0777}.Release|x64.ActiveCfg = Release|x64
		{D1AFEE7D-B78A-4552-9DE0-3A7EA1FA0777}.Release|x64.Build.0 = Release|x64
		{5EFBE5B8-DF29-4EF0-B2DE-A91785FF4190}.Debug|Any CPU.ActiveCfg = Debug|x64
		{5EFBE5B8-DF29-4EF0-B2DE-A91785FF4190}.Debug|Any CPU.Build.0 = Debug|x64
		{5EFBE5B8-DF29-4EF0-B2DE-A91785FF4190}.Debug|x64.ActiveCfg = Debug|x64
		{5EFBE5B8-DF29-4EF0-B2DE-A91785FF4190}.Debug|x64.Build.0 = Debug|x64
		{5EFBE5B8-DF29-4EF0-B2DE-A91785FF4190}.Release|Any CPU.ActiveCfg = Release|x64
		{5EFBE5B8-DF29-4EF0-B2DE-A91785FF4190}.Release|Any CPU.Build.0 = Release|x64
		{5EFBE5B8-DF29-4EF0-B2DE-A91785FF4190}.Release|x64.ActiveCfg = Release|x64
		{5EFBE5B8-DF29-4EF0-B2DE-A91785FF4190}.Release|x64.Build.0 = Release|x64
		{2375FB50-7A57-4151-86F1-0ADDFDBE0953}.Debug|Any CPU.ActiveCfg = Debug|x64
		{2375FB50-7A57-4151-86F1-0ADDFDBE0953}.Debug|Any CPU.Build.0 = Debug|x64
		{2375FB50-7A57-4151-86F1-0ADDFDBE0953}.Debug|x64.ActiveCfg = Debug|x64
		{2375FB50-7A57-4151-86F1-0ADDFDBE0953}.Debug|x64.Build.0 = Debug|x64
		{2375FB50-7A57-4151-86F1-0ADDFDBE0953}.Release|Any CPU.ActiveCfg = Release|x64
		{2375FB50-7A57-4151-86F1-0ADDFDBE0953}.Release|Any CPU.Build.0 = Release|x64
		{2375FB50-7A57-4151-86F1-0ADDFDBE0953}.Release|x64.ActiveCfg = Release|x64
		{2375FB50-7A57-4151-86F1-0ADDFDBE0953}.Release|x64.Build.0 = Release|x64
		{6EF236F3-16B5-430E-A36F-D84C89D09CDB}.Debug|Any CPU.ActiveCfg = Debug|x64
		{6EF236F3-16B5-430E-A36F-D84C89D09CDB}.Debug|Any CPU.Build.0 = Debug|x64
		{6EF236F3-16B5-430E-A36F-D84C89D09CDB}.Debug|x64.ActiveCfg = Debug|x64
		{6EF236F3-16B5-430E-A36F-D84C89D09CDB}.Debug|x64.Build.0 = Debug|x64
		{6EF236F3-16B5-430E-A36F-D84C89D09CDB}.Release|Any CPU.ActiveCfg = Release|x64
		{6EF236F3-16B5-430E-A36F-D84C89D09CDB}.Release|Any CPU.Build.0 = Release|x64
		{6EF236F3-16B5-430E-A36F-D84C89D09CDB}.Release|x64.ActiveCfg = Release|x64
		{6EF236F3-16B5-430E-A36F-D84C89D09CDB}.Release|x64.Build.0 = Release|x64
		{DB8A07C9-4B97-4F59-B85F-17A44EB8F610}.Debug|Any CPU.ActiveCfg = Debug|x64
		{DB8A07C9-4B97-4F59-B85F-17A44EB8F610}.Debug|Any CPU.Build.0 = Debug|x64
		{DB8A07C9-4B97-4F59-B85F-17A44EB8F610}.Debug|x64.ActiveCfg = Debug|x64
		{DB8A07C9-4B97-4F59-B85F-17A44EB8F610}.Debug|x64.Build.0 = Debug|x64
		{DB8A07C9-4B97-4F59-B85F-17A44EB8F610}.Release|Any CPU.ActiveCfg = Release|x64
		{DB8A07C9-4B97-4F59-B85F-17A44EB8F610}.Release|Any CPU.Build.0 = Release|x64
		{DB8A07C9-4B97-4F59-B85F-17A44EB8F610}.Release|x64.ActiveCfg = Release|x64
		{DB8A07C9-4B97-4F59-B85F-17A44EB8F610}.Release|x64.Build.0 = Release|x64
		{B9B116C4-A029-4F99-A1EF-C1E743C65CA1}.Debug|Any CPU.ActiveCfg = Debug|x64
		{B9B116C4-A029-4F99-A1EF-C1E743C65CA1}.Debug|Any CPU.Build.0 = Debug|x64
		{B9B116C4-A029-4F99-A1EF-C1E743C65CA1}.Debug|x64.ActiveCfg = Debug|x64
		{B9B116C4-A029-4F99-A1EF-C1E743C65CA1}.Debug|x64.Build.0 = Debug|x64
		{B9B116C4-A029-4F99-A1EF-C1E743C65CA1}.Release|Any CPU.ActiveCfg = Release|x64
		{B9B116C4-A029-4F99-A1EF-C1E743C65CA1}.Release|Any CPU.Build.0 = Release|x64
		{B9B116C4-A029-4F99-A1EF-C1E743C65CA1}.Release|x64.ActiveCfg = Release|x64
		{B9B116C4-A029-4F99-A1EF-C1E743C65CA1}.Release|x64.Build.0 = Release|x64
		{31937737-46E7-47C5-94E3-125392760CA5}.Debug|Any CPU.ActiveCfg = Debug|Any CPU
		{31937737-46E7-47C5-94E3-125392760CA5}.Debug|x64.ActiveCfg = Debug|Any CPU
		{31937737-46E7-47C5-94E3-125392760CA5}.Release|Any CPU.ActiveCfg = Release|Any CPU
		{31937737-46E7-47C5-94E3-125392760CA5}.Release|x64.ActiveCfg = Release|Any CPU
		{6F2C0331-56D2-4A3B-9B5D-4CCB313DDBAE}.Debug|Any CPU.ActiveCfg = Debug|x64
		{6F2C0331-56D2-4A3B-9B5D-4CCB313DDBAE}.Debug|Any CPU.Build.0 = Debug|x64
		{6F2C0331-56D2-4A3B-9B5D-4CCB313DDBAE}.Debug|x64.ActiveCfg = Debug|x64
		{6F2C0331-56D2-4A3B-9B5D-4CCB313DDBAE}.Debug|x64.Build.0 = Debug|x64
		{6F2C0331-56D2-4A3B-9B5D-4CCB313DDBAE}.Release|Any CPU.ActiveCfg = Release|x64
		{6F2C0331-56D2-4A3B-9B5D-4CCB313DDBAE}.Release|Any CPU.Build.0 = Release|x64
		{6F2C0331-56D2-4A3B-9B5D-4CCB313DDBAE}.Release|x64.ActiveCfg = Release|x64
		{6F2C0331-56D2-4A3B-9B5D-4CCB313DDBAE}.Release|x64.Build.0 = Release|x64
		{CE720197-E70B-471B-89E3-2D8CBAB15452}.Debug|Any CPU.ActiveCfg = Debug|x64
		{CE720197-E70B-471B-89E3-2D8CBAB15452}.Debug|Any CPU.Build.0 = Debug|x64
		{CE720197-E70B-471B-89E3-2D8CBAB15452}.Debug|x64.ActiveCfg = Debug|x64
		{CE720197-E70B-471B-89E3-2D8CBAB15452}.Debug|x64.Build.0 = Debug|x64
		{CE720197-E70B-471B-89E3-2D8CBAB15452}.Release|Any CPU.ActiveCfg = Release|x64
		{CE720197-E70B-471B-89E3-2D8CBAB15452}.Release|Any CPU.Build.0 = Release|x64
		{CE720197-E70B-471B-89E3-2D8CBAB15452}.Release|x64.ActiveCfg = Release|x64
		{CE720197-E70B-471B-89E3-2D8CBAB15452}.Release|x64.Build.0 = Release|x64
		{981112C6-7553-421B-9C2D-8A50EEDC57C4}.Debug|Any CPU.ActiveCfg = Debug|x64
		{981112C6-7553-421B-9C2D-8A50EEDC57C4}.Debug|Any CPU.Build.0 = Debug|x64
		{981112C6-7553-421B-9C2D-8A50EEDC57C4}.Debug|x64.ActiveCfg = Debug|x64
		{981112C6-7553-421B-9C2D-8A50EEDC57C4}.Debug|x64.Build.0 = Debug|x64
		{981112C6-7553-421B-9C2D-8A50EEDC57C4}.Release|Any CPU.ActiveCfg = Release|x64
		{981112C6-7553-421B-9C2D-8A50EEDC57C4}.Release|Any CPU.Build.0 = Release|x64
		{981112C6-7553-421B-9C2D-8A50EEDC57C4}.Release|x64.ActiveCfg = Release|x64
		{981112C6-7553-421B-9C2D-8A50EEDC57C4}.Release|x64.Build.0 = Release|x64
		{0288C742-9ECD-4E95-9A59-22A202EC2126}.Debug|Any CPU.ActiveCfg = Debug|x64
		{0288C742-9ECD-4E95-9A59-22A202EC2126}.Debug|Any CPU.Build.0 = Debug|x64
		{0288C742-9ECD-4E95-9A59-22A202EC2126}.Debug|x64.ActiveCfg = Debug|x64
		{0288C742-9ECD-4E95-9A59-22A202EC2126}.Debug|x64.Build.0 = Debug|x64
		{0288C742-9ECD-4E95-9A59-22A202EC2126}.Release|Any CPU.ActiveCfg = Release|x64
		{0288C742-9ECD-4E95-9A59-22A202EC2126}.Release|Any CPU.Build.0 = Release|x64
		{0288C742-9ECD-4E95-9A59-22A202EC2126}.Release|x64.ActiveCfg = Release|x64
		{0288C742-9ECD-4E95-9A59-22A202EC2126}.Release|x64.Build.0 = Release|x64
		{641B0691-F655-49F5-9EC5-EB2F0A44AAFD}.Debug|Any CPU.ActiveCfg = Debug|x64
		{641B0691-F655-49F5-9EC5-EB2F0A44AAFD}.Debug|Any CPU.Build.0 = Debug|x64
		{641B0691-F655-49F5-9EC5-EB2F0A44AAFD}.Debug|x64.ActiveCfg = Debug|x64
		{641B0691-F655-49F5-9EC5-EB2F0A44AAFD}.Debug|x64.Build.0 = Debug|x64
		{641B0691-F655-49F5-9EC5-EB2F0A44AAFD}.Release|Any CPU.ActiveCfg = Release|x64
		{641B0691-F655-49F5-9EC5-EB2F0A44AAFD}.Release|Any CPU.Build.0 = Release|x64
		{641B0691-F655-49F5-9EC5-EB2F0A44AAFD}.Release|x64.ActiveCfg = Release|x64
		{641B0691-F655-49F5-9EC5-EB2F0A44AAFD}.Release|x64.Build.0 = Release|x64
		{1FA9A886-DC59-4CC7-B424-1A6AD2E1BFB2}.Debug|Any CPU.ActiveCfg = Debug|x64
		{1FA9A886-DC59-4CC7-B424-1A6AD2E1BFB2}.Debug|Any CPU.Build.0 = Debug|x64
		{1FA9A886-DC59-4CC7-B424-1A6AD2E1BFB2}.Debug|x64.ActiveCfg = Debug|x64
		{1FA9A886-DC59-4CC7-B424-1A6AD2E1BFB2}.Debug|x64.Build.0 = Debug|x64
		{1FA9A886-DC59-4CC7-B424-1A6AD2E1BFB2}.Release|Any CPU.ActiveCfg = Release|x64
		{1FA9A886-DC59-4CC7-B424-1A6AD2E1BFB2}.Release|Any CPU.Build.0 = Release|x64
		{1FA9A886-DC59-4CC7-B424-1A6AD2E1BFB2}.Release|x64.ActiveCfg = Release|x64
		{1FA9A886-DC59-4CC7-B424-1A6AD2E1BFB2}.Release|x64.Build.0 = Release|x64
		{3C0E5A23-333D-423B-B628-7DDA9B31AA7B}.Debug|Any CPU.ActiveCfg = Debug|x64
		{3C0E5A23-333D-423B-B628-7DDA9B31AA7B}.Debug|Any CPU.Build.0 = Debug|x64
		{3C0E5A23-333D-423B-B628-7DDA9B31AA7B}.Debug|x64.ActiveCfg = Debug|x64
		{3C0E5A23-333D-423B-B628-7DDA9B31AA7B}.Debug|x64.Build.0 = Debug|x64
		{3C0E5A23-333D-423B-B628-7DDA9B31AA7B}.Release|Any CPU.ActiveCfg = Release|x64
		{3C0E5A23-333D-423B-B628-7DDA9B31AA7B}.Release|Any CPU.Build.0 = Release|x64
		{3C0E5A23-333D-423B-B628-7DDA9B31AA7B}.Release|x64.ActiveCfg = Release|x64
		{3C0E5A23-333D-423B-B628-7DDA9B31AA7B}.Release|x64.Build.0 = Release|x64
		{3F4D2BE8-FAD4-4877-B91C-5AC2FF84280A}.Debug|Any CPU.ActiveCfg = Debug|x64
		{3F4D2BE8-FAD4-4877-B91C-5AC2FF84280A}.Debug|Any CPU.Build.0 = Debug|x64
		{3F4D2BE8-FAD4-4877-B91C-5AC2FF84280A}.Debug|x64.ActiveCfg = Debug|x64
		{3F4D2BE8-FAD4-4877-B91C-5AC2FF84280A}.Debug|x64.Build.0 = Debug|x64
		{3F4D2BE8-FAD4-4877-B91C-5AC2FF84280A}.Release|Any CPU.ActiveCfg = Release|x64
		{3F4D2BE8-FAD4-4877-B91C-5AC2FF84280A}.Release|Any CPU.Build.0 = Release|x64
		{3F4D2BE8-FAD4-4877-B91C-5AC2FF84280A}.Release|x64.ActiveCfg = Release|x64
		{3F4D2BE8-FAD4-4877-B91C-5AC2FF84280A}.Release|x64.Build.0 = Release|x64
		{3715316F-3DA1-4F29-A171-E53ED2BA8DBD}.Debug|Any CPU.ActiveCfg = Debug|Any CPU
		{3715316F-3DA1-4F29-A171-E53ED2BA8DBD}.Debug|Any CPU.Build.0 = Debug|Any CPU
		{3715316F-3DA1-4F29-A171-E53ED2BA8DBD}.Debug|x64.ActiveCfg = Debug|Any CPU
		{3715316F-3DA1-4F29-A171-E53ED2BA8DBD}.Debug|x64.Build.0 = Debug|Any CPU
		{3715316F-3DA1-4F29-A171-E53ED2BA8DBD}.Release|Any CPU.ActiveCfg = Release|Any CPU
		{3715316F-3DA1-4F29-A171-E53ED2BA8DBD}.Release|Any CPU.Build.0 = Release|Any CPU
		{3715316F-3DA1-4F29-A171-E53ED2BA8DBD}.Release|x64.ActiveCfg = Release|Any CPU
		{3715316F-3DA1-4F29-A171-E53ED2BA8DBD}.Release|x64.Build.0 = Release|Any CPU
	EndGlobalSection
	GlobalSection(SolutionProperties) = preSolution
		HideSolutionNode = FALSE
	EndGlobalSection
	GlobalSection(ExtensibilityGlobals) = postSolution
		SolutionGuid = {BF74CE71-2B00-44ED-9241-68FDAD0543AE}
	EndGlobalSection
EndGlobal
